{
	"name": "sprite-generator",
	"version": "1.0.0",
	"lockfileVersion": 1,
	"requires": true,
	"dependencies": {
		"circular-json": {
			"version": "0.5.9",
			"resolved": "http://nexus.ctsp.kedacom.com/repository/npm-group-yuanqu/circular-json/-/circular-json-0.5.9.tgz",
			"integrity": "sha1-kydjroj0996teg0JyKUaR0OlOx0="
		},
		"core-util-is": {
			"version": "1.0.2",
			"resolved": "http://nexus.ctsp.kedacom.com/repository/npm-group-yuanqu/core-util-is/-/core-util-is-1.0.2.tgz",
			"integrity": "sha1-tf1UIgqivFq1eqtxQMlAdUUDwac="
		},
		"date-format": {
			"version": "1.2.0",
			"resolved": "http://nexus.ctsp.kedacom.com/repository/npm-group-yuanqu/date-format/-/date-format-1.2.0.tgz",
			"integrity": "sha1-YV6CjiM90aubua4JUODOzPpuytg="
		},
		"debug": {
			"version": "3.2.6",
			"resolved": "http://nexus.ctsp.kedacom.com/repository/npm-group-yuanqu/debug/-/debug-3.2.6.tgz",
			"integrity": "sha1-6D0X3hbYp++3cX7b5fsQE17uYps=",
			"requires": {
				"ms": "^2.1.1"
			}
		},
		"images": {
			"version": "3.2.3",
			"resolved": "http://nexus.ctsp.kedacom.com/repository/npm-group-yuanqu/images/-/images-3.2.3.tgz",
			"integrity": "sha1-joZCHfFj2bOmDuTR3HzYIF8tK9c="
		},
		"inherits": {
			"version": "2.0.4",
			"resolved": "http://nexus.ctsp.kedacom.com/repository/npm-group-yuanqu/inherits/-/inherits-2.0.4.tgz",
			"integrity": "sha1-D6LGT5MpF8NDOg3tVTY6rjdBa3w="
		},
		"isarray": {
			"version": "1.0.0",
			"resolved": "http://nexus.ctsp.kedacom.com/repository/npm-group-yuanqu/isarray/-/isarray-1.0.0.tgz",
			"integrity": "sha1-u5NdSFgsuhaMBoNJV6VKPgcSTxE="
		},
		"log4js": {
			"version": "3.0.6",
			"resolved": "http://nexus.ctsp.kedacom.com/repository/npm-group-yuanqu/log4js/-/log4js-3.0.6.tgz",
			"integrity": "sha1-5srO2Uln7uuc45n5+GgqSysoyP8=",
			"requires": {
				"circular-json": "^0.5.5",
				"date-format": "^1.2.0",
				"debug": "^3.1.0",
				"rfdc": "^1.1.2",
				"streamroller": "0.7.0"
			}
		},
		"minimist": {
			"version": "1.2.5",
			"resolved": "http://nexus.ctsp.kedacom.com/repository/npm-group-yuanqu/minimist/-/minimist-1.2.5.tgz",
			"integrity": "sha1-Z9ZgFLZqaoqqDAg8X9WN9OTpdgI="
		},
		"mkdirp": {
			"version": "0.5.5",
			"resolved": "http://nexus.ctsp.kedacom.com/repository/npm-group-yuanqu/mkdirp/-/mkdirp-0.5.5.tgz",
			"integrity": "sha1-2Rzv1i0UNsoPQWIOJRKI1CAJne8=",
			"requires": {
				"minimist": "^1.2.5"
			}
		},
		"ms": {
			"version": "2.1.2",
			"resolved": "http://nexus.ctsp.kedacom.com/repository/npm-group-yuanqu/ms/-/ms-2.1.2.tgz",
			"integrity": "sha1-0J0fNXtEP0kzgqjrPM0YOHKuYAk="
		},
		"process-nextick-args": {
			"version": "2.0.1",
			"resolved": "http://nexus.ctsp.kedacom.com/repository/npm-group-yuanqu/process-nextick-args/-/process-nextick-args-2.0.1.tgz",
			"integrity": "sha1-eCDZsWEgzFXKmud5JoCufbptf+I="
		},
		"readable-stream": {
			"version": "2.3.7",
			"resolved": "http://nexus.ctsp.kedacom.com/repository/npm-group-yuanqu/readable-stream/-/readable-stream-2.3.7.tgz",
			"integrity": "sha1-Hsoc9xGu+BTAT2IlKjamL2yyO1c=",
			"requires": {
				"core-util-is": "~1.0.0",
				"inherits": "~2.0.3",
				"isarray": "~1.0.0",
				"process-nextick-args": "~2.0.0",
				"safe-buffer": "~5.1.1",
				"string_decoder": "~1.1.1",
				"util-deprecate": "~1.0.1"
			}
		},
		"rfdc": {
			"version": "1.1.4",
			"resolved": "http://nexus.ctsp.kedacom.com/repository/npm-group-yuanqu/rfdc/-/rfdc-1.1.4.tgz",
			"integrity": "sha1-unLME2egzNnPgahws7WL060H+MI="
		},
		"safe-buffer": {
			"version": "5.1.2",
			"resolved": "http://nexus.ctsp.kedacom.com/repository/npm-group-yuanqu/safe-buffer/-/safe-buffer-5.1.2.tgz",
			"integrity": "sha1-mR7GnSluAxN0fVm9/St0XDX4go0="
		},
		"simple-sprite": {
			"version": "1.0.0",
			"resolved": "http://nexus.ctsp.kedacom.com/repository/npm-group-yuanqu/simple-sprite/-/simple-sprite-1.0.0.tgz",
			"integrity": "sha1-OlzDgqSXfqPsFv5ic1EJk+rZpYk=",
			"requires": {
				"images": "^3.0.1",
				"log4js": "^3.0.6"
			}
		},
		"streamroller": {
			"version": "0.7.0",
			"resolved": "http://nexus.ctsp.kedacom.com/repository/npm-group-yuanqu/streamroller/-/streamroller-0.7.0.tgz",
			"integrity": "sha1-odG3z4PTmvsNYwSaWsv5NJO99ks=",
			"requires": {
				"date-format": "^1.2.0",
				"debug": "^3.1.0",
				"mkdirp": "^0.5.1",
				"readable-stream": "^2.3.0"
			}
		},
		"string_decoder": {
			"version": "1.1.1",
			"resolved": "http://nexus.ctsp.kedacom.com/repository/npm-group-yuanqu/string_decoder/-/string_decoder-1.1.1.tgz",
			"integrity": "sha1-nPFhG6YmhdcDCunkujQUnDrwP8g=",
			"requires": {
				"safe-buffer": "~5.1.0"
			}
		},
		"util-deprecate": {
			"version": "1.0.2",
			"resolved": "http://nexus.ctsp.kedacom.com/repository/npm-group-yuanqu/util-deprecate/-/util-deprecate-1.0.2.tgz",
			"integrity": "sha1-RQ1Nyfpw3nMnYvvS1KKJgUGaDM8="
		}
	}
}
